
Microsoft Visual Studio Solution File, Format Version 12.00
# Visual Studio Version 17
VisualStudioVersion = 17.11.35303.130
MinimumVisualStudioVersion = 10.0.40219.1
Project("{FAE04EC0-301F-11D3-BF4B-00C04F79EFBC}") = "Mastermind-Pe-2", "Mastermind-Pe-2\Mastermind-Pe-2.csproj", "{F4A723F8-B002-4073-AC55-38E14BA00016}"
EndProject
Global
	GlobalSection(SolutionConfigurationPlatforms) = preSolution
		Debug|Any CPU = Debug|Any CPU
		Release|Any CPU = Release|Any CPU
	EndGlobalSection
	GlobalSection(ProjectConfigurationPlatforms) = postSolution
		{F4A723F8-B002-4073-AC55-38E14BA00016}.Debug|Any CPU.ActiveCfg = Debug|Any CPU
		{F4A723F8-B002-4073-AC55-38E14BA00016}.Debug|Any CPU.Build.0 = Debug|Any CPU
		{F4A723F8-B002-4073-AC55-38E14BA00016}.Release|Any CPU.ActiveCfg = Release|Any CPU
		{F4A723F8-B002-4073-AC55-38E14BA00016}.Release|Any CPU.Build.0 = Release|Any CPU
	EndGlobalSection
	GlobalSection(SolutionProperties) = preSolution
		HideSolutionNode = FALSE
	EndGlobalSection
	GlobalSection(ExtensibilityGlobals) = postSolution
		SolutionGuid = {726CF00C-D139-482B-97B1-C16306A4CACE}
	EndGlobalSection
EndGlobal
